
Microsoft Visual Studio Solution File, Format Version 12.00
# Visual Studio Version 16
VisualStudioVersion = 25.0.1703.6
MinimumVisualStudioVersion = 10.0.40219.1
Project("{FAE04EC0-301F-11D3-BF4B-00C04F79EFBC}") = "UnkalWave.JobPortal.API", "UnkalWave.JobPortal.API\UnkalWave.JobPortal.API.csproj", "{54D1AF1D-C60E-4B87-B846-B54964B55330}"
EndProject
Global
	GlobalSection(SolutionConfigurationPlatforms) = preSolution
		Debug|Any CPU = Debug|Any CPU
		Release|Any CPU = Release|Any CPU
	EndGlobalSection
	GlobalSection(ProjectConfigurationPlatforms) = postSolution
		{54D1AF1D-C60E-4B87-B846-B54964B55330}.Debug|Any CPU.ActiveCfg = Debug|Any CPU
		{54D1AF1D-C60E-4B87-B846-B54964B55330}.Debug|Any CPU.Build.0 = Debug|Any CPU
		{54D1AF1D-C60E-4B87-B846-B54964B55330}.Release|Any CPU.ActiveCfg = Release|Any CPU
		{54D1AF1D-C60E-4B87-B846-B54964B55330}.Release|Any CPU.Build.0 = Release|Any CPU
	EndGlobalSection
	GlobalSection(SolutionProperties) = preSolution
		HideSolutionNode = FALSE
	EndGlobalSection
	GlobalSection(ExtensibilityGlobals) = postSolution
		SolutionGuid = {4AC9A296-B5BD-44A7-B6EE-F2A787F46E5D}
	EndGlobalSection
EndGlobal
